
Microsoft Visual Studio Solution File, Format Version 12.00
# Visual Studio 2012
Project("{8BC9CEB8-8B4A-11D0-8D11-00A0C91BC942}") = "opengl-objects", "opengl-objects.vcxproj", "{27C6C7C8-20FB-4FE4-86CC-8576B998379C}"
EndProject
Global
	GlobalSection(SolutionConfigurationPlatforms) = preSolution
		Debug|Win32 = Debug|Win32
		Release|Win32 = Release|Win32
	EndGlobalSection
	GlobalSection(ProjectConfigurationPlatforms) = postSolution
		{27C6C7C8-20FB-4FE4-86CC-8576B998379C}.Debug|Win32.ActiveCfg = Debug|Win32
		{27C6C7C8-20FB-4FE4-86CC-8576B998379C}.Debug|Win32.Build.0 = Debug|Win32
		{27C6C7C8-20FB-4FE4-86CC-8576B998379C}.Release|Win32.ActiveCfg = Release|Win32
		{27C6C7C8-20FB-4FE4-86CC-8576B998379C}.Release|Win32.Build.0 = Release|Win32
	EndGlobalSection
	GlobalSection(SolutionProperties) = preSolution
		HideSolutionNode = FALSE
	EndGlobalSection
EndGlobal
